// !$*UTF8*$!
{
	archiveVersion = 1;
	classes = {
	};
	objectVersion = 56;
	objects = {

/* Begin PBXBuildFile section */
		620F3589290BD6CE0033499F /* AppDelegate.swift in Sources */ = {isa = PBXBuildFile; fileRef = 620F3588290BD6CE0033499F /* AppDelegate.swift */; };
		620F358D290BD6CE0033499F /* MapViewController.swift in Sources */ = {isa = PBXBuildFile; fileRef = 620F358C290BD6CE0033499F /* MapViewController.swift */; };
		620F3592290BD6CF0033499F /* Assets.xcassets in Resources */ = {isa = PBXBuildFile; fileRef = 620F3591290BD6CF0033499F /* Assets.xcassets */; };
		620F3595290BD6CF0033499F /* LaunchScreen.storyboard in Resources */ = {isa = PBXBuildFile; fileRef = 620F3593290BD6CF0033499F /* LaunchScreen.storyboard */; };
		62777A78291906800044C93C /* Realm in Frameworks */ = {isa = PBXBuildFile; productRef = 62777A77291906800044C93C /* Realm */; };
		62777A7A291906800044C93C /* RealmSwift in Frameworks */ = {isa = PBXBuildFile; productRef = 62777A79291906800044C93C /* RealmSwift */; };
		62777A7D29191C460044C93C /* RealmService.swift in Sources */ = {isa = PBXBuildFile; fileRef = 62777A7C29191C460044C93C /* RealmService.swift */; };
		62777A8029191C8E0044C93C /* Annotation.swift in Sources */ = {isa = PBXBuildFile; fileRef = 62777A7F29191C8E0044C93C /* Annotation.swift */; };
		629ECC7A290BE4A6009547FC /* AppStartManager.swift in Sources */ = {isa = PBXBuildFile; fileRef = 629ECC79290BE4A6009547FC /* AppStartManager.swift */; };
		62A97D81290BE9F800CD07C3 /* SceneDelegate.swift in Sources */ = {isa = PBXBuildFile; fileRef = 62A97D80290BE9F800CD07C3 /* SceneDelegate.swift */; };
/* End PBXBuildFile section */

/* Begin PBXFileReference section */
		620F3585290BD6CE0033499F /* MapsAppGB.app */ = {isa = PBXFileReference; explicitFileType = wrapper.application; includeInIndex = 0; path = MapsAppGB.app; sourceTree = BUILT_PRODUCTS_DIR; };
		620F3588290BD6CE0033499F /* AppDelegate.swift */ = {isa = PBXFileReference; lastKnownFileType = sourcecode.swift; path = AppDelegate.swift; sourceTree = "<group>"; };
		620F358C290BD6CE0033499F /* MapViewController.swift */ = {isa = PBXFileReference; lastKnownFileType = sourcecode.swift; path = MapViewController.swift; sourceTree = "<group>"; };
		620F3591290BD6CF0033499F /* Assets.xcassets */ = {isa = PBXFileReference; lastKnownFileType = folder.assetcatalog; path = Assets.xcassets; sourceTree = "<group>"; };
		620F3594290BD6CF0033499F /* Base */ = {isa = PBXFileReference; lastKnownFileType = file.storyboard; name = Base; path = Base.lproj/LaunchScreen.storyboard; sourceTree = "<group>"; };
		620F3596290BD6CF0033499F /* Info.plist */ = {isa = PBXFileReference; lastKnownFileType = text.plist.xml; path = Info.plist; sourceTree = "<group>"; };
		62777A7C29191C460044C93C /* RealmService.swift */ = {isa = PBXFileReference; lastKnownFileType = sourcecode.swift; path = RealmService.swift; sourceTree = "<group>"; };
		62777A7F29191C8E0044C93C /* Annotation.swift */ = {isa = PBXFileReference; lastKnownFileType = sourcecode.swift; path = Annotation.swift; sourceTree = "<group>"; };
		629ECC79290BE4A6009547FC /* AppStartManager.swift */ = {isa = PBXFileReference; lastKnownFileType = sourcecode.swift; path = AppStartManager.swift; sourceTree = "<group>"; };
		62A97D80290BE9F800CD07C3 /* SceneDelegate.swift */ = {isa = PBXFileReference; fileEncoding = 4; lastKnownFileType = sourcecode.swift; path = SceneDelegate.swift; sourceTree = "<group>"; };
/* End PBXFileReference section */

/* Begin PBXFrameworksBuildPhase section */
		620F3582290BD6CE0033499F /* Frameworks */ = {
			isa = PBXFrameworksBuildPhase;
			buildActionMask = 2147483647;
			files = (
				62777A7A291906800044C93C /* RealmSwift in Frameworks */,
				62777A78291906800044C93C /* Realm in Frameworks */,
			);
			runOnlyForDeploymentPostprocessing = 0;
		};
/* End PBXFrameworksBuildPhase section */

/* Begin PBXGroup section */
		620F357C290BD6CE0033499F = {
			isa = PBXGroup;
			children = (
				620F3587290BD6CE0033499F /* MapsAppGB */,
				620F3586290BD6CE0033499F /* Products */,
			);
			sourceTree = "<group>";
		};
		620F3586290BD6CE0033499F /* Products */ = {
			isa = PBXGroup;
			children = (
				620F3585290BD6CE0033499F /* MapsAppGB.app */,
			);
			name = Products;
			sourceTree = "<group>";
		};
		620F3587290BD6CE0033499F /* MapsAppGB */ = {
			isa = PBXGroup;
			children = (
				62777A7B29191BE00044C93C /* Realm */,
				62A97D80290BE9F800CD07C3 /* SceneDelegate.swift */,
				629ECC79290BE4A6009547FC /* AppStartManager.swift */,
				620F3588290BD6CE0033499F /* AppDelegate.swift */,
				620F358C290BD6CE0033499F /* MapViewController.swift */,
				620F3591290BD6CF0033499F /* Assets.xcassets */,
				620F3593290BD6CF0033499F /* LaunchScreen.storyboard */,
				620F3596290BD6CF0033499F /* Info.plist */,
			);
			path = MapsAppGB;
			sourceTree = "<group>";
		};
		62777A7B29191BE00044C93C /* Realm */ = {
			isa = PBXGroup;
			children = (
				62777A7E29191C750044C93C /* RealmModel */,
				62777A7C29191C460044C93C /* RealmService.swift */,
			);
			path = Realm;
			sourceTree = "<group>";
		};
		62777A7E29191C750044C93C /* RealmModel */ = {
			isa = PBXGroup;
			children = (
				62777A7F29191C8E0044C93C /* Annotation.swift */,
			);
			path = RealmModel;
			sourceTree = "<group>";
		};
/* End PBXGroup section */

/* Begin PBXNativeTarget section */
		620F3584290BD6CE0033499F /* MapsAppGB */ = {
			isa = PBXNativeTarget;
			buildConfigurationList = 620F3599290BD6CF0033499F /* Build configuration list for PBXNativeTarget "MapsAppGB" */;
			buildPhases = (
				620F3581290BD6CE0033499F /* Sources */,
				620F3582290BD6CE0033499F /* Frameworks */,
				620F3583290BD6CE0033499F /* Resources */,
			);
			buildRules = (
			);
			dependencies = (
			);
			name = MapsAppGB;
			packageProductDependencies = (
				62777A77291906800044C93C /* Realm */,
				62777A79291906800044C93C /* RealmSwift */,
			);
			productName = MapsAppGB;
			productReference = 620F3585290BD6CE0033499F /* MapsAppGB.app */;
			productType = "com.apple.product-type.application";
		};
/* End PBXNativeTarget section */

/* Begin PBXProject section */
		620F357D290BD6CE0033499F /* Project object */ = {
			isa = PBXProject;
			attributes = {
				BuildIndependentTargetsInParallel = 1;
				LastSwiftUpdateCheck = 1400;
				LastUpgradeCheck = 1400;
				TargetAttributes = {
					620F3584290BD6CE0033499F = {
						CreatedOnToolsVersion = 14.0.1;
					};
				};
			};
			buildConfigurationList = 620F3580290BD6CE0033499F /* Build configuration list for PBXProject "MapsAppGB" */;
			compatibilityVersion = "Xcode 14.0";
			developmentRegion = en;
			hasScannedForEncodings = 0;
			knownRegions = (
				en,
				Base,
			);
			mainGroup = 620F357C290BD6CE0033499F;
			packageReferences = (
				62777A76291906800044C93C /* XCRemoteSwiftPackageReference "realm-swift" */,
			);
			productRefGroup = 620F3586290BD6CE0033499F /* Products */;
			projectDirPath = "";
			projectRoot = "";
			targets = (
				620F3584290BD6CE0033499F /* MapsAppGB */,
			);
		};
/* End PBXProject section */

/* Begin PBXResourcesBuildPhase section */
		620F3583290BD6CE0033499F /* Resources */ = {
			isa = PBXResourcesBuildPhase;
			buildActionMask = 2147483647;
			files = (
				620F3595290BD6CF0033499F /* LaunchScreen.storyboard in Resources */,
				620F3592290BD6CF0033499F /* Assets.xcassets in Resources */,
			);
			runOnlyForDeploymentPostprocessing = 0;
		};
/* End PBXResourcesBuildPhase section */

/* Begin PBXSourcesBuildPhase section */
		620F3581290BD6CE0033499F /* Sources */ = {
			isa = PBXSourcesBuildPhase;
			buildActionMask = 2147483647;
			files = (
				620F358D290BD6CE0033499F /* MapViewController.swift in Sources */,
				62A97D81290BE9F800CD07C3 /* SceneDelegate.swift in Sources */,
				620F3589290BD6CE0033499F /* AppDelegate.swift in Sources */,
				629ECC7A290BE4A6009547FC /* AppStartManager.swift in Sources */,
				62777A8029191C8E0044C93C /* Annotation.swift in Sources */,
				62777A7D29191C460044C93C /* RealmService.swift in Sources */,
			);
			runOnlyForDeploymentPostprocessing = 0;
		};
/* End PBXSourcesBuildPhase section */

/* Begin PBXVariantGroup section */
		620F3593290BD6CF0033499F /* LaunchScreen.storyboard */ = {
			isa = PBXVariantGroup;
			children = (
				620F3594290BD6CF0033499F /* Base */,
			);
			name = LaunchScreen.storyboard;
			sourceTree = "<group>";
		};
/* End PBXVariantGroup section */

/* Begin XCBuildConfiguration section */
		620F3597290BD6CF0033499F /* Debug */ = {
			isa = XCBuildConfiguration;
			buildSettings = {
				ALWAYS_SEARCH_USER_PATHS = NO;
				CLANG_ANALYZER_NONNULL = YES;
				CLANG_ANALYZER_NUMBER_OBJECT_CONVERSION = YES_AGGRESSIVE;
				CLANG_CXX_LANGUAGE_STANDARD = "gnu++20";
				CLANG_ENABLE_MODULES = YES;
				CLANG_ENABLE_OBJC_ARC = YES;
				CLANG_ENABLE_OBJC_WEAK = YES;
				CLANG_WARN_BLOCK_CAPTURE_AUTORELEASING = YES;
				CLANG_WARN_BOOL_CONVERSION = YES;
				CLANG_WARN_COMMA = YES;
				CLANG_WARN_CONSTANT_CONVERSION = YES;
				CLANG_WARN_DEPRECATED_OBJC_IMPLEMENTATIONS = YES;
				CLANG_WARN_DIRECT_OBJC_ISA_USAGE = YES_ERROR;
				CLANG_WARN_DOCUMENTATION_COMMENTS = YES;
				CLANG_WARN_EMPTY_BODY = YES;
				CLANG_WARN_ENUM_CONVERSION = YES;
				CLANG_WARN_INFINITE_RECURSION = YES;
				CLANG_WARN_INT_CONVERSION = YES;
				CLANG_WARN_NON_LITERAL_NULL_CONVERSION = YES;
				CLANG_WARN_OBJC_IMPLICIT_RETAIN_SELF = YES;
				CLANG_WARN_OBJC_LITERAL_CONVERSION = YES;
				CLANG_WARN_OBJC_ROOT_CLASS = YES_ERROR;
				CLANG_WARN_QUOTED_INCLUDE_IN_FRAMEWORK_HEADER = YES;
				CLANG_WARN_RANGE_LOOP_ANALYSIS = YES;
				CLANG_WARN_STRICT_PROTOTYPES = YES;
				CLANG_WARN_SUSPICIOUS_MOVE = YES;
				CLANG_WARN_UNGUARDED_AVAILABILITY = YES_AGGRESSIVE;
				CLANG_WARN_UNREACHABLE_CODE = YES;
				CLANG_WARN__DUPLICATE_METHOD_MATCH = YES;
				COPY_PHASE_STRIP = NO;
				DEBUG_INFORMATION_FORMAT = dwarf;
				ENABLE_STRICT_OBJC_MSGSEND = YES;
				ENABLE_TESTABILITY = YES;
				GCC_C_LANGUAGE_STANDARD = gnu11;
				GCC_DYNAMIC_NO_PIC = NO;
				GCC_NO_COMMON_BLOCKS = YES;
				GCC_OPTIMIZATION_LEVEL = 0;
				GCC_PREPROCESSOR_DEFINITIONS = (
					"DEBUG=1",
					"$(inherited)",
				);
				GCC_WARN_64_TO_32_BIT_CONVERSION = YES;
				GCC_WARN_ABOUT_RETURN_TYPE = YES_ERROR;
				GCC_WARN_UNDECLARED_SELECTOR = YES;
				GCC_WARN_UNINITIALIZED_AUTOS = YES_AGGRESSIVE;
				GCC_WARN_UNUSED_FUNCTION = YES;
				GCC_WARN_UNUSED_VARIABLE = YES;
				IPHONEOS_DEPLOYMENT_TARGET = 16.0;
				MTL_ENABLE_DEBUG_INFO = INCLUDE_SOURCE;
				MTL_FAST_MATH = YES;
				ONLY_ACTIVE_ARCH = YES;
				SDKROOT = iphoneos;
				SWIFT_ACTIVE_COMPILATION_CONDITIONS = DEBUG;
				SWIFT_OPTIMIZATION_LEVEL = "-Onone";
			};
			name = Debug;
		};
		620F3598290BD6CF0033499F /* Release */ = {
			isa = XCBuildConfiguration;
			buildSettings = {
				ALWAYS_SEARCH_USER_PATHS = NO;
				CLANG_ANALYZER_NONNULL = YES;
				CLANG_ANALYZER_NUMBER_OBJECT_CONVERSION = YES_AGGRESSIVE;
				CLANG_CXX_LANGUAGE_STANDARD = "gnu++20";
				CLANG_ENABLE_MODULES = YES;
				CLANG_ENABLE_OBJC_ARC = YES;
				CLANG_ENABLE_OBJC_WEAK = YES;
				CLANG_WARN_BLOCK_CAPTURE_AUTORELEASING = YES;
				CLANG_WARN_BOOL_CONVERSION = YES;
				CLANG_WARN_COMMA = YES;
				CLANG_WARN_CONSTANT_CONVERSION = YES;
				CLANG_WARN_DEPRECATED_OBJC_IMPLEMENTATIONS = YES;
				CLANG_WARN_DIRECT_OBJC_ISA_USAGE = YES_ERROR;
				CLANG_WARN_DOCUMENTATION_COMMENTS = YES;
				CLANG_WARN_EMPTY_BODY = YES;
				CLANG_WARN_ENUM_CONVERSION = YES;
				CLANG_WARN_INFINITE_RECURSION = YES;
				CLANG_WARN_INT_CONVERSION = YES;
				CLANG_WARN_NON_LITERAL_NULL_CONVERSION = YES;
				CLANG_WARN_OBJC_IMPLICIT_RETAIN_SELF = YES;
				CLANG_WARN_OBJC_LITERAL_CONVERSION = YES;
				CLANG_WARN_OBJC_ROOT_CLASS = YES_ERROR;
				CLANG_WARN_QUOTED_INCLUDE_IN_FRAMEWORK_HEADER = YES;
				CLANG_WARN_RANGE_LOOP_ANALYSIS = YES;
				CLANG_WARN_STRICT_PROTOTYPES = YES;
				CLANG_WARN_SUSPICIOUS_MOVE = YES;
				CLANG_WARN_UNGUARDED_AVAILABILITY = YES_AGGRESSIVE;
				CLANG_WARN_UNREACHABLE_CODE = YES;
				CLANG_WARN__DUPLICATE_METHOD_MATCH = YES;
				COPY_PHASE_STRIP = NO;
				DEBUG_INFORMATION_FORMAT = "dwarf-with-dsym";
				ENABLE_NS_ASSERTIONS = NO;
				ENABLE_STRICT_OBJC_MSGSEND = YES;
				GCC_C_LANGUAGE_STANDARD = gnu11;
				GCC_NO_COMMON_BLOCKS = YES;
				GCC_WARN_64_TO_32_BIT_CONVERSION = YES;
				GCC_WARN_ABOUT_RETURN_TYPE = YES_ERROR;
				GCC_WARN_UNDECLARED_SELECTOR = YES;
				GCC_WARN_UNINITIALIZED_AUTOS = YES_AGGRESSIVE;
				GCC_WARN_UNUSED_FUNCTION = YES;
				GCC_WARN_UNUSED_VARIABLE = YES;
				IPHONEOS_DEPLOYMENT_TARGET = 16.0;
				MTL_ENABLE_DEBUG_INFO = NO;
				MTL_FAST_MATH = YES;
				ONLY_ACTIVE_ARCH = YES;
				SDKROOT = iphoneos;
				SWIFT_COMPILATION_MODE = wholemodule;
				SWIFT_OPTIMIZATION_LEVEL = "-O";
				VALIDATE_PRODUCT = YES;
			};
			name = Release;
		};
		620F359A290BD6CF0033499F /* Debug */ = {
			isa = XCBuildConfiguration;
			buildSettings = {
				ASSETCATALOG_COMPILER_APPICON_NAME = AppIcon;
				ASSETCATALOG_COMPILER_GLOBAL_ACCENT_COLOR_NAME = AccentColor;
				CODE_SIGN_STYLE = Automatic;
				CURRENT_PROJECT_VERSION = 1;
				GENERATE_INFOPLIST_FILE = YES;
				INFOPLIST_FILE = MapsAppGB/Info.plist;
				INFOPLIST_KEY_NSLocationAlwaysAndWhenInUseUsageDescription = "For the app testing";
				INFOPLIST_KEY_NSLocationWhenInUseUsageDescription = "For the app testing";
				INFOPLIST_KEY_UIApplicationSupportsIndirectInputEvents = YES;
				INFOPLIST_KEY_UILaunchStoryboardName = "";
				INFOPLIST_KEY_UIMainStoryboardFile = "";
				INFOPLIST_KEY_UISupportedInterfaceOrientations_iPad = "UIInterfaceOrientationPortrait UIInterfaceOrientationPortraitUpsideDown UIInterfaceOrientationLandscapeLeft UIInterfaceOrientationLandscapeRight";
				INFOPLIST_KEY_UISupportedInterfaceOrientations_iPhone = "UIInterfaceOrientationPortrait UIInterfaceOrientationLandscapeLeft UIInterfaceOrientationLandscapeRight";
				LD_RUNPATH_SEARCH_PATHS = (
					"$(inherited)",
					"@executable_path/Frameworks",
				);
				MARKETING_VERSION = 1.0;
				ONLY_ACTIVE_ARCH = YES;
				PRODUCT_BUNDLE_IDENTIFIER = NewsProject.com.alexgrg.MapsAppGB;
				PRODUCT_NAME = "$(TARGET_NAME)";
				SWIFT_EMIT_LOC_STRINGS = YES;
				SWIFT_VERSION = 5.0;
				TARGETED_DEVICE_FAMILY = "1,2";
			};
			name = Debug;
		};
		620F359B290BD6CF0033499F /* Release */ = {
			isa = XCBuildConfiguration;
			buildSettings = {
				ASSETCATALOG_COMPILER_APPICON_NAME = AppIcon;
				ASSETCATALOG_COMPILER_GLOBAL_ACCENT_COLOR_NAME = AccentColor;
				CODE_SIGN_STYLE = Automatic;
				CURRENT_PROJECT_VERSION = 1;
				GENERATE_INFOPLIST_FILE = YES;
				INFOPLIST_FILE = MapsAppGB/Info.plist;
				INFOPLIST_KEY_NSLocationAlwaysAndWhenInUseUsageDescription = "For the app testing";
				INFOPLIST_KEY_NSLocationWhenInUseUsageDescription = "For the app testing";
				INFOPLIST_KEY_UIApplicationSupportsIndirectInputEvents = YES;
				INFOPLIST_KEY_UILaunchStoryboardName = "";
				INFOPLIST_KEY_UIMainStoryboardFile = "";
				INFOPLIST_KEY_UISupportedInterfaceOrientations_iPad = "UIInterfaceOrientationPortrait UIInterfaceOrientationPortraitUpsideDown UIInterfaceOrientationLandscapeLeft UIInterfaceOrientationLandscapeRight";
				INFOPLIST_KEY_UISupportedInterfaceOrientations_iPhone = "UIInterfaceOrientationPortrait UIInterfaceOrientationLandscapeLeft UIInterfaceOrientationLandscapeRight";
				LD_RUNPATH_SEARCH_PATHS = (
					"$(inherited)",
					"@executable_path/Frameworks",
				);
				MARKETING_VERSION = 1.0;
				ONLY_ACTIVE_ARCH = YES;
				PRODUCT_BUNDLE_IDENTIFIER = NewsProject.com.alexgrg.MapsAppGB;
				PRODUCT_NAME = "$(TARGET_NAME)";
				SWIFT_EMIT_LOC_STRINGS = YES;
				SWIFT_VERSION = 5.0;
				TARGETED_DEVICE_FAMILY = "1,2";
			};
			name = Release;
		};
/* End XCBuildConfiguration section */

/* Begin XCConfigurationList section */
		620F3580290BD6CE0033499F /* Build configuration list for PBXProject "MapsAppGB" */ = {
			isa = XCConfigurationList;
			buildConfigurations = (
				620F3597290BD6CF0033499F /* Debug */,
				620F3598290BD6CF0033499F /* Release */,
			);
			defaultConfigurationIsVisible = 0;
			defaultConfigurationName = Release;
		};
		620F3599290BD6CF0033499F /* Build configuration list for PBXNativeTarget "MapsAppGB" */ = {
			isa = XCConfigurationList;
			buildConfigurations = (
				620F359A290BD6CF0033499F /* Debug */,
				620F359B290BD6CF0033499F /* Release */,
			);
			defaultConfigurationIsVisible = 0;
			defaultConfigurationName = Release;
		};
/* End XCConfigurationList section */

/* Begin XCRemoteSwiftPackageReference section */
		62777A76291906800044C93C /* XCRemoteSwiftPackageReference "realm-swift" */ = {
			isa = XCRemoteSwiftPackageReference;
			repositoryURL = "https://github.com/realm/realm-swift.git";
			requirement = {
				branch = master;
				kind = branch;
			};
		};
/* End XCRemoteSwiftPackageReference section */

/* Begin XCSwiftPackageProductDependency section */
		62777A77291906800044C93C /* Realm */ = {
			isa = XCSwiftPackageProductDependency;
			package = 62777A76291906800044C93C /* XCRemoteSwiftPackageReference "realm-swift" */;
			productName = Realm;
		};
		62777A79291906800044C93C /* RealmSwift */ = {
			isa = XCSwiftPackageProductDependency;
			package = 62777A76291906800044C93C /* XCRemoteSwiftPackageReference "realm-swift" */;
			productName = RealmSwift;
		};
/* End XCSwiftPackageProductDependency section */
	};
	rootObject = 620F357D290BD6CE0033499F /* Project object */;
}
